
Microsoft Visual Studio Solution File, Format Version 12.00
# Visual Studio Version 17
VisualStudioVersion = 17.12.35707.178 d17.12
MinimumVisualStudioVersion = 10.0.40219.1
Project("{FAE04EC0-301F-11D3-BF4B-00C04F79EFBC}") = "URESERVE_Api", "URESERVE_Api\URESERVE_Api.csproj", "{B0773D02-5CF9-4B2A-A755-7C521A867FFE}"
EndProject
Project("{FAE04EC0-301F-11D3-BF4B-00C04F79EFBC}") = "Data", "Data\Data.csproj", "{E5ABB602-B8C4-427C-B979-F5CFB204FAFF}"
EndProject
Global
	GlobalSection(SolutionConfigurationPlatforms) = preSolution
		Debug|Any CPU = Debug|Any CPU
		Release|Any CPU = Release|Any CPU
	EndGlobalSection
	GlobalSection(ProjectConfigurationPlatforms) = postSolution
		{B0773D02-5CF9-4B2A-A755-7C521A867FFE}.Debug|Any CPU.ActiveCfg = Debug|Any CPU
		{B0773D02-5CF9-4B2A-A755-7C521A867FFE}.Debug|Any CPU.Build.0 = Debug|Any CPU
		{B0773D02-5CF9-4B2A-A755-7C521A867FFE}.Release|Any CPU.ActiveCfg = Release|Any CPU
		{B0773D02-5CF9-4B2A-A755-7C521A867FFE}.Release|Any CPU.Build.0 = Release|Any CPU
		{E5ABB602-B8C4-427C-B979-F5CFB204FAFF}.Debug|Any CPU.ActiveCfg = Debug|Any CPU
		{E5ABB602-B8C4-427C-B979-F5CFB204FAFF}.Debug|Any CPU.Build.0 = Debug|Any CPU
		{E5ABB602-B8C4-427C-B979-F5CFB204FAFF}.Release|Any CPU.ActiveCfg = Release|Any CPU
		{E5ABB602-B8C4-427C-B979-F5CFB204FAFF}.Release|Any CPU.Build.0 = Release|Any CPU
	EndGlobalSection
	GlobalSection(SolutionProperties) = preSolution
		HideSolutionNode = FALSE
	EndGlobalSection
EndGlobal
